
Microsoft Visual Studio Solution File, Format Version 12.00
# Visual Studio Version 17
VisualStudioVersion = 17.11.35312.102
MinimumVisualStudioVersion = 10.0.40219.1
Project("{8BC9CEB8-8B4A-11D0-8D11-00A0C91BC942}") = "ieparhia22", "ieparhia22\ieparhia22.vcxproj", "{F475FE70-A61E-478F-94EC-C7EBAD9D4449}"
EndProject
Global
	GlobalSection(SolutionConfigurationPlatforms) = preSolution
		Debug|x64 = Debug|x64
		Debug|x86 = Debug|x86
		Release|x64 = Release|x64
		Release|x86 = Release|x86
	EndGlobalSection
	GlobalSection(ProjectConfigurationPlatforms) = postSolution
		{F475FE70-A61E-478F-94EC-C7EBAD9D4449}.Debug|x64.ActiveCfg = Debug|x64
		{F475FE70-A61E-478F-94EC-C7EBAD9D4449}.Debug|x64.Build.0 = Debug|x64
		{F475FE70-A61E-478F-94EC-C7EBAD9D4449}.Debug|x86.ActiveCfg = Debug|Win32
		{F475FE70-A61E-478F-94EC-C7EBAD9D4449}.Debug|x86.Build.0 = Debug|Win32
		{F475FE70-A61E-478F-94EC-C7EBAD9D4449}.Release|x64.ActiveCfg = Release|x64
		{F475FE70-A61E-478F-94EC-C7EBAD9D4449}.Release|x64.Build.0 = Release|x64
		{F475FE70-A61E-478F-94EC-C7EBAD9D4449}.Release|x86.ActiveCfg = Release|Win32
		{F475FE70-A61E-478F-94EC-C7EBAD9D4449}.Release|x86.Build.0 = Release|Win32
	EndGlobalSection
	GlobalSection(SolutionProperties) = preSolution
		HideSolutionNode = FALSE
	EndGlobalSection
	GlobalSection(ExtensibilityGlobals) = postSolution
		SolutionGuid = {EEE9798E-62A3-405B-839A-DE3817D7218B}
	EndGlobalSection
EndGlobal
